
Microsoft Visual Studio Solution File, Format Version 12.00
# Visual Studio Version 16
VisualStudioVersion = 16.0.29006.145
MinimumVisualStudioVersion = 10.0.40219.1
Project("{FAE04EC0-301F-11D3-BF4B-00C04F79EFBC}") = "RoverCoderBlog", "RoverCoderBlog\RoverCoderBlog.csproj", "{24AABA9C-2614-48C5-BCFB-C863E9CFE5BF}"
EndProject
Global
	GlobalSection(SolutionConfigurationPlatforms) = preSolution
		Debug|Any CPU = Debug|Any CPU
		Release|Any CPU = Release|Any CPU
	EndGlobalSection
	GlobalSection(ProjectConfigurationPlatforms) = postSolution
		{24AABA9C-2614-48C5-BCFB-C863E9CFE5BF}.Debug|Any CPU.ActiveCfg = Debug|Any CPU
		{24AABA9C-2614-48C5-BCFB-C863E9CFE5BF}.Debug|Any CPU.Build.0 = Debug|Any CPU
		{24AABA9C-2614-48C5-BCFB-C863E9CFE5BF}.Release|Any CPU.ActiveCfg = Release|Any CPU
		{24AABA9C-2614-48C5-BCFB-C863E9CFE5BF}.Release|Any CPU.Build.0 = Release|Any CPU
	EndGlobalSection
	GlobalSection(SolutionProperties) = preSolution
		HideSolutionNode = FALSE
	EndGlobalSection
	GlobalSection(ExtensibilityGlobals) = postSolution
		SolutionGuid = {2B85DA41-C500-4ACC-80EF-1E519926710C}
	EndGlobalSection
EndGlobal
